
Microsoft Visual Studio Solution File, Format Version 12.00
# Visual Studio Version 17
VisualStudioVersion = 17.0.31410.414
MinimumVisualStudioVersion = 10.0.40219.1
Project("{9A19103F-16F7-4668-BE54-9A1E7A4F7556}") = "SlnEditor", "SlnEditor\SlnEditor.csproj", "{EDC2B9FC-02D0-4541-8484-CAB27B00252D}"
EndProject
Project("{9A19103F-16F7-4668-BE54-9A1E7A4F7556}") = "Tests", "Tests\Tests.csproj", "{BB52A27D-766E-4ECD-B888-BD86405134C1}"
EndProject
Project("{2150E333-8FDC-42A3-9474-1A3956D46DE8}") = "SolutionItems", "SolutionItems", "{E8290A65-86C3-4F21-8516-395E04033831}"
	ProjectSection(SolutionItems) = preProject
		.editorconfig = .editorconfig
		CODE_OF_CONDUCT.md = CODE_OF_CONDUCT.md
		CONTRIBUTING.md = CONTRIBUTING.md
		README.md = README.md
		LICENSE = LICENSE
		.tool-versions = .tool-versions
		.gitignore = .gitignore
		publish.sh = publish.sh
		upgrade-dotnet.sh = upgrade-dotnet.sh
		upgrade-nugets.sh = upgrade-nugets.sh
		upgrades.sh = upgrades.sh
	EndProjectSection
EndProject
Project("{2150E333-8FDC-42A3-9474-1A3956D46DE8}") = ".github", ".github", "{803BB6CD-EA92-4CB8-9F51-9D65A0B46CF5}"
EndProject
Project("{2150E333-8FDC-42A3-9474-1A3956D46DE8}") = "workflows", "workflows", "{66FD9CD4-7970-4C68-A98D-54CCDFC6139C}"
	ProjectSection(SolutionItems) = preProject
		.github\workflows\build-and-test.yml = .github\workflows\build-and-test.yml
		.github\workflows\publish.yml = .github\workflows\publish.yml
	EndProjectSection
EndProject
Project("{2150E333-8FDC-42A3-9474-1A3956D46DE8}") = ".devcontainer", ".devcontainer", "{14894B5B-C9EE-48B8-82CD-69EA4332FE0E}"
	ProjectSection(SolutionItems) = preProject
		.devcontainer\devcontainer.json = .devcontainer\devcontainer.json
	EndProjectSection
EndProject
Global
	GlobalSection(SolutionConfigurationPlatforms) = preSolution
		Debug|Any CPU = Debug|Any CPU
		Debug|x64 = Debug|x64
		Debug|x86 = Debug|x86
		Release|Any CPU = Release|Any CPU
		Release|x64 = Release|x64
		Release|x86 = Release|x86
	EndGlobalSection
	GlobalSection(ProjectConfigurationPlatforms) = postSolution
		{EDC2B9FC-02D0-4541-8484-CAB27B00252D}.Debug|Any CPU.ActiveCfg = Debug|Any CPU
		{EDC2B9FC-02D0-4541-8484-CAB27B00252D}.Debug|Any CPU.Build.0 = Debug|Any CPU
		{EDC2B9FC-02D0-4541-8484-CAB27B00252D}.Debug|x64.ActiveCfg = Debug|Any CPU
		{EDC2B9FC-02D0-4541-8484-CAB27B00252D}.Debug|x64.Build.0 = Debug|Any CPU
		{EDC2B9FC-02D0-4541-8484-CAB27B00252D}.Debug|x86.ActiveCfg = Debug|Any CPU
		{EDC2B9FC-02D0-4541-8484-CAB27B00252D}.Debug|x86.Build.0 = Debug|Any CPU
		{EDC2B9FC-02D0-4541-8484-CAB27B00252D}.Release|Any CPU.ActiveCfg = Release|Any CPU
		{EDC2B9FC-02D0-4541-8484-CAB27B00252D}.Release|Any CPU.Build.0 = Release|Any CPU
		{EDC2B9FC-02D0-4541-8484-CAB27B00252D}.Release|x64.ActiveCfg = Release|Any CPU
		{EDC2B9FC-02D0-4541-8484-CAB27B00252D}.Release|x64.Build.0 = Release|Any CPU
		{EDC2B9FC-02D0-4541-8484-CAB27B00252D}.Release|x86.ActiveCfg = Release|Any CPU
		{EDC2B9FC-02D0-4541-8484-CAB27B00252D}.Release|x86.Build.0 = Release|Any CPU
		{BB52A27D-766E-4ECD-B888-BD86405134C1}.Debug|Any CPU.ActiveCfg = Debug|Any CPU
		{BB52A27D-766E-4ECD-B888-BD86405134C1}.Debug|Any CPU.Build.0 = Debug|Any CPU
		{BB52A27D-766E-4ECD-B888-BD86405134C1}.Debug|x64.ActiveCfg = Debug|Any CPU
		{BB52A27D-766E-4ECD-B888-BD86405134C1}.Debug|x64.Build.0 = Debug|Any CPU
		{BB52A27D-766E-4ECD-B888-BD86405134C1}.Debug|x86.ActiveCfg = Debug|Any CPU
		{BB52A27D-766E-4ECD-B888-BD86405134C1}.Debug|x86.Build.0 = Debug|Any CPU
		{BB52A27D-766E-4ECD-B888-BD86405134C1}.Release|Any CPU.ActiveCfg = Release|Any CPU
		{BB52A27D-766E-4ECD-B888-BD86405134C1}.Release|Any CPU.Build.0 = Release|Any CPU
		{BB52A27D-766E-4ECD-B888-BD86405134C1}.Release|x64.ActiveCfg = Release|Any CPU
		{BB52A27D-766E-4ECD-B888-BD86405134C1}.Release|x64.Build.0 = Release|Any CPU
		{BB52A27D-766E-4ECD-B888-BD86405134C1}.Release|x86.ActiveCfg = Release|Any CPU
		{BB52A27D-766E-4ECD-B888-BD86405134C1}.Release|x86.Build.0 = Release|Any CPU
	EndGlobalSection
	GlobalSection(NestedProjects) = preSolution
		{803BB6CD-EA92-4CB8-9F51-9D65A0B46CF5} = {E8290A65-86C3-4F21-8516-395E04033831}
		{14894B5B-C9EE-48B8-82CD-69EA4332FE0E} = {E8290A65-86C3-4F21-8516-395E04033831}
		{66FD9CD4-7970-4C68-A98D-54CCDFC6139C} = {803BB6CD-EA92-4CB8-9F51-9D65A0B46CF5}
	EndGlobalSection
	GlobalSection(SolutionProperties) = preSolution
		HideSolutionNode = FALSE
	EndGlobalSection
	GlobalSection(ExtensibilityGlobals) = postSolution
		SolutionGuid = {7F92F20E-4C3D-4316-BF60-105559EFEAFF}
	EndGlobalSection
EndGlobal
